// !$*UTF8*$!
{
	archiveVersion = 1;
	classes = {
	};
	objectVersion = 46;
	objects = {

/* Begin PBXBuildFile section */
		AA7051681D59D7D00000592E /* main.m in Sources */ = {isa = PBXBuildFile; fileRef = AA7051671D59D7D00000592E /* main.m */; };
		AA70516B1D59D7D10000592E /* AppDelegate.m in Sources */ = {isa = PBXBuildFile; fileRef = AA70516A1D59D7D10000592E /* AppDelegate.m */; };
		AA7051711D59D7D10000592E /* Main.storyboard in Resources */ = {isa = PBXBuildFile; fileRef = AA70516F1D59D7D10000592E /* Main.storyboard */; };
		AA7051731D59D7D10000592E /* Assets.xcassets in Resources */ = {isa = PBXBuildFile; fileRef = AA7051721D59D7D10000592E /* Assets.xcassets */; };
		AA7051761D59D7D10000592E /* LaunchScreen.storyboard in Resources */ = {isa = PBXBuildFile; fileRef = AA7051741D59D7D10000592E /* LaunchScreen.storyboard */; };
		AA7051811D59D7D10000592E /* XHP_PopupPickerViewTests.m in Sources */ = {isa = PBXBuildFile; fileRef = AA7051801D59D7D10000592E /* XHP_PopupPickerViewTests.m */; };
		AA7051AA1D59DEC50000592E /* PopupPickerControl.m in Sources */ = {isa = PBXBuildFile; fileRef = AA7051A91D59DEC50000592E /* PopupPickerControl.m */; };
		AA7051B01D59E0860000592E /* PopupPickerMenuCell.m in Sources */ = {isa = PBXBuildFile; fileRef = AA7051AF1D59E0860000592E /* PopupPickerMenuCell.m */; };
		AA7051B31D59E0AF0000592E /* PopupPickerMenuHeader.m in Sources */ = {isa = PBXBuildFile; fileRef = AA7051B21D59E0AF0000592E /* PopupPickerMenuHeader.m */; };
		AAE892E41D5D7B5300E32C82 /* ViewController.m in Sources */ = {isa = PBXBuildFile; fileRef = AAE892E31D5D7B5300E32C82 /* ViewController.m */; };
		AAE892E71D5D7BAD00E32C82 /* CustomMenuModel.m in Sources */ = {isa = PBXBuildFile; fileRef = AAE892E61D5D7BAD00E32C82 /* CustomMenuModel.m */; };
		AAE892F01D5D7CE300E32C82 /* CustomMenuCell.m in Sources */ = {isa = PBXBuildFile; fileRef = AAE892EF1D5D7CE300E32C82 /* CustomMenuCell.m */; };
		AAE892F31D5DAD1300E32C82 /* TestButton.m in Sources */ = {isa = PBXBuildFile; fileRef = AAE892F21D5DAD1300E32C82 /* TestButton.m */; };
		AAE892F61D5DBB4700E32C82 /* Image.xcassets in Resources */ = {isa = PBXBuildFile; fileRef = AAE892F51D5DBB4700E32C82 /* Image.xcassets */; };
/* End PBXBuildFile section */

/* Begin PBXContainerItemProxy section */
		AA70517D1D59D7D10000592E /* PBXContainerItemProxy */ = {
			isa = PBXContainerItemProxy;
			containerPortal = AA70515B1D59D7D00000592E /* Project object */;
			proxyType = 1;
			remoteGlobalIDString = AA7051621D59D7D00000592E;
			remoteInfo = XHP_PopupPickerView;
		};
/* End PBXContainerItemProxy section */

/* Begin PBXFileReference section */
		AA7051631D59D7D00000592E /* XHP_PopupPickerView.app */ = {isa = PBXFileReference; explicitFileType = wrapper.application; includeInIndex = 0; path = XHP_PopupPickerView.app; sourceTree = BUILT_PRODUCTS_DIR; };
		AA7051671D59D7D00000592E /* main.m */ = {isa = PBXFileReference; lastKnownFileType = sourcecode.c.objc; path = main.m; sourceTree = "<group>"; };
		AA7051691D59D7D00000592E /* AppDelegate.h */ = {isa = PBXFileReference; lastKnownFileType = sourcecode.c.h; path = AppDelegate.h; sourceTree = "<group>"; };
		AA70516A1D59D7D10000592E /* AppDelegate.m */ = {isa = PBXFileReference; lastKnownFileType = sourcecode.c.objc; path = AppDelegate.m; sourceTree = "<group>"; };
		AA7051701D59D7D10000592E /* Base */ = {isa = PBXFileReference; lastKnownFileType = file.storyboard; name = Base; path = Base.lproj/Main.storyboard; sourceTree = "<group>"; };
		AA7051721D59D7D10000592E /* Assets.xcassets */ = {isa = PBXFileReference; lastKnownFileType = folder.assetcatalog; path = Assets.xcassets; sourceTree = "<group>"; };
		AA7051751D59D7D10000592E /* Base */ = {isa = PBXFileReference; lastKnownFileType = file.storyboard; name = Base; path = Base.lproj/LaunchScreen.storyboard; sourceTree = "<group>"; };
		AA7051771D59D7D10000592E /* Info.plist */ = {isa = PBXFileReference; lastKnownFileType = text.plist.xml; path = Info.plist; sourceTree = "<group>"; };
		AA70517C1D59D7D10000592E /* XHP_PopupPickerViewTests.xctest */ = {isa = PBXFileReference; explicitFileType = wrapper.cfbundle; includeInIndex = 0; path = XHP_PopupPickerViewTests.xctest; sourceTree = BUILT_PRODUCTS_DIR; };
		AA7051801D59D7D10000592E /* XHP_PopupPickerViewTests.m */ = {isa = PBXFileReference; lastKnownFileType = sourcecode.c.objc; path = XHP_PopupPickerViewTests.m; sourceTree = "<group>"; };
		AA7051821D59D7D10000592E /* Info.plist */ = {isa = PBXFileReference; lastKnownFileType = text.plist.xml; path = Info.plist; sourceTree = "<group>"; };
		AA7051A81D59DEC50000592E /* PopupPickerControl.h */ = {isa = PBXFileReference; fileEncoding = 4; lastKnownFileType = sourcecode.c.h; path = PopupPickerControl.h; sourceTree = "<group>"; };
		AA7051A91D59DEC50000592E /* PopupPickerControl.m */ = {isa = PBXFileReference; fileEncoding = 4; lastKnownFileType = sourcecode.c.objc; path = PopupPickerControl.m; sourceTree = "<group>"; };
		AA7051AE1D59E0860000592E /* PopupPickerMenuCell.h */ = {isa = PBXFileReference; fileEncoding = 4; lastKnownFileType = sourcecode.c.h; path = PopupPickerMenuCell.h; sourceTree = "<group>"; };
		AA7051AF1D59E0860000592E /* PopupPickerMenuCell.m */ = {isa = PBXFileReference; fileEncoding = 4; lastKnownFileType = sourcecode.c.objc; path = PopupPickerMenuCell.m; sourceTree = "<group>"; };
		AA7051B11D59E0AF0000592E /* PopupPickerMenuHeader.h */ = {isa = PBXFileReference; fileEncoding = 4; lastKnownFileType = sourcecode.c.h; path = PopupPickerMenuHeader.h; sourceTree = "<group>"; };
		AA7051B21D59E0AF0000592E /* PopupPickerMenuHeader.m */ = {isa = PBXFileReference; fileEncoding = 4; lastKnownFileType = sourcecode.c.objc; path = PopupPickerMenuHeader.m; sourceTree = "<group>"; };
		AAE892E21D5D7B5300E32C82 /* ViewController.h */ = {isa = PBXFileReference; fileEncoding = 4; lastKnownFileType = sourcecode.c.h; path = ViewController.h; sourceTree = "<group>"; };
		AAE892E31D5D7B5300E32C82 /* ViewController.m */ = {isa = PBXFileReference; fileEncoding = 4; lastKnownFileType = sourcecode.c.objc; path = ViewController.m; sourceTree = "<group>"; };
		AAE892E51D5D7BAD00E32C82 /* CustomMenuModel.h */ = {isa = PBXFileReference; fileEncoding = 4; lastKnownFileType = sourcecode.c.h; path = CustomMenuModel.h; sourceTree = "<group>"; };
		AAE892E61D5D7BAD00E32C82 /* CustomMenuModel.m */ = {isa = PBXFileReference; fileEncoding = 4; lastKnownFileType = sourcecode.c.objc; path = CustomMenuModel.m; sourceTree = "<group>"; };
		AAE892EE1D5D7CE300E32C82 /* CustomMenuCell.h */ = {isa = PBXFileReference; fileEncoding = 4; lastKnownFileType = sourcecode.c.h; path = CustomMenuCell.h; sourceTree = "<group>"; };
		AAE892EF1D5D7CE300E32C82 /* CustomMenuCell.m */ = {isa = PBXFileReference; fileEncoding = 4; lastKnownFileType = sourcecode.c.objc; path = CustomMenuCell.m; sourceTree = "<group>"; };
		AAE892F11D5DAD1300E32C82 /* TestButton.h */ = {isa = PBXFileReference; fileEncoding = 4; lastKnownFileType = sourcecode.c.h; path = TestButton.h; sourceTree = "<group>"; };
		AAE892F21D5DAD1300E32C82 /* TestButton.m */ = {isa = PBXFileReference; fileEncoding = 4; lastKnownFileType = sourcecode.c.objc; path = TestButton.m; sourceTree = "<group>"; };
		AAE892F51D5DBB4700E32C82 /* Image.xcassets */ = {isa = PBXFileReference; lastKnownFileType = folder.assetcatalog; path = Image.xcassets; sourceTree = "<group>"; };
/* End PBXFileReference section */

/* Begin PBXFrameworksBuildPhase section */
		AA7051601D59D7D00000592E /* Frameworks */ = {
			isa = PBXFrameworksBuildPhase;
			buildActionMask = 2147483647;
			files = (
			);
			runOnlyForDeploymentPostprocessing = 0;
		};
		AA7051791D59D7D10000592E /* Frameworks */ = {
			isa = PBXFrameworksBuildPhase;
			buildActionMask = 2147483647;
			files = (
			);
			runOnlyForDeploymentPostprocessing = 0;
		};
/* End PBXFrameworksBuildPhase section */

/* Begin PBXGroup section */
		AA70515A1D59D7D00000592E = {
			isa = PBXGroup;
			children = (
				AA7051651D59D7D00000592E /* XHP_PopupPickerView */,
				AA70517F1D59D7D10000592E /* XHP_PopupPickerViewTests */,
				AA7051641D59D7D00000592E /* Products */,
			);
			sourceTree = "<group>";
		};
		AA7051641D59D7D00000592E /* Products */ = {
			isa = PBXGroup;
			children = (
				AA7051631D59D7D00000592E /* XHP_PopupPickerView.app */,
				AA70517C1D59D7D10000592E /* XHP_PopupPickerViewTests.xctest */,
			);
			name = Products;
			sourceTree = "<group>";
		};
		AA7051651D59D7D00000592E /* XHP_PopupPickerView */ = {
			isa = PBXGroup;
			children = (
				AAE892DF1D5D7B5300E32C82 /* Model */,
				AAE892E01D5D7B5300E32C82 /* View */,
				AAE892E11D5D7B5300E32C82 /* ViewController */,
				AA7051691D59D7D00000592E /* AppDelegate.h */,
				AA70516A1D59D7D10000592E /* AppDelegate.m */,
				AA7051921D59DC9E0000592E /* CustomLibrary */,
				AAE892F41D5DBB4700E32C82 /* Resources */,
				AA70516F1D59D7D10000592E /* Main.storyboard */,
				AA7051721D59D7D10000592E /* Assets.xcassets */,
				AA7051741D59D7D10000592E /* LaunchScreen.storyboard */,
				AA7051771D59D7D10000592E /* Info.plist */,
				AA7051661D59D7D00000592E /* Supporting Files */,
			);
			path = XHP_PopupPickerView;
			sourceTree = "<group>";
		};
		AA7051661D59D7D00000592E /* Supporting Files */ = {
			isa = PBXGroup;
			children = (
				AA7051671D59D7D00000592E /* main.m */,
			);
			name = "Supporting Files";
			sourceTree = "<group>";
		};
		AA70517F1D59D7D10000592E /* XHP_PopupPickerViewTests */ = {
			isa = PBXGroup;
			children = (
				AA7051801D59D7D10000592E /* XHP_PopupPickerViewTests.m */,
				AA7051821D59D7D10000592E /* Info.plist */,
			);
			path = XHP_PopupPickerViewTests;
			sourceTree = "<group>";
		};
		AA7051921D59DC9E0000592E /* CustomLibrary */ = {
			isa = PBXGroup;
			children = (
				AA7051931D59DC9E0000592E /* PopupPickerView */,
			);
			path = CustomLibrary;
			sourceTree = "<group>";
		};
		AA7051931D59DC9E0000592E /* PopupPickerView */ = {
			isa = PBXGroup;
			children = (
				AA7051951D59DC9E0000592E /* ViewController */,
				AA7051961D59DC9E0000592E /* Views */,
			);
			path = PopupPickerView;
			sourceTree = "<group>";
		};
		AA7051951D59DC9E0000592E /* ViewController */ = {
			isa = PBXGroup;
			children = (
				AA7051A81D59DEC50000592E /* PopupPickerControl.h */,
				AA7051A91D59DEC50000592E /* PopupPickerControl.m */,
			);
			path = ViewController;
			sourceTree = "<group>";
		};
		AA7051961D59DC9E0000592E /* Views */ = {
			isa = PBXGroup;
			children = (
				AA7051AE1D59E0860000592E /* PopupPickerMenuCell.h */,
				AA7051AF1D59E0860000592E /* PopupPickerMenuCell.m */,
				AA7051B11D59E0AF0000592E /* PopupPickerMenuHeader.h */,
				AA7051B21D59E0AF0000592E /* PopupPickerMenuHeader.m */,
			);
			path = Views;
			sourceTree = "<group>";
		};
		AAE892DF1D5D7B5300E32C82 /* Model */ = {
			isa = PBXGroup;
			children = (
				AAE892E51D5D7BAD00E32C82 /* CustomMenuModel.h */,
				AAE892E61D5D7BAD00E32C82 /* CustomMenuModel.m */,
			);
			path = Model;
			sourceTree = "<group>";
		};
		AAE892E01D5D7B5300E32C82 /* View */ = {
			isa = PBXGroup;
			children = (
				AAE892EE1D5D7CE300E32C82 /* CustomMenuCell.h */,
				AAE892EF1D5D7CE300E32C82 /* CustomMenuCell.m */,
				AAE892F11D5DAD1300E32C82 /* TestButton.h */,
				AAE892F21D5DAD1300E32C82 /* TestButton.m */,
			);
			path = View;
			sourceTree = "<group>";
		};
		AAE892E11D5D7B5300E32C82 /* ViewController */ = {
			isa = PBXGroup;
			children = (
				AAE892E21D5D7B5300E32C82 /* ViewController.h */,
				AAE892E31D5D7B5300E32C82 /* ViewController.m */,
			);
			path = ViewController;
			sourceTree = "<group>";
		};
		AAE892F41D5DBB4700E32C82 /* Resources */ = {
			isa = PBXGroup;
			children = (
				AAE892F51D5DBB4700E32C82 /* Image.xcassets */,
			);
			path = Resources;
			sourceTree = "<group>";
		};
/* End PBXGroup section */

/* Begin PBXNativeTarget section */
		AA7051621D59D7D00000592E /* XHP_PopupPickerView */ = {
			isa = PBXNativeTarget;
			buildConfigurationList = AA7051851D59D7D10000592E /* Build configuration list for PBXNativeTarget "XHP_PopupPickerView" */;
			buildPhases = (
				AA70515F1D59D7D00000592E /* Sources */,
				AA7051601D59D7D00000592E /* Frameworks */,
				AA7051611D59D7D00000592E /* Resources */,
			);
			buildRules = (
			);
			dependencies = (
			);
			name = XHP_PopupPickerView;
			productName = XHP_PopupPickerView;
			productReference = AA7051631D59D7D00000592E /* XHP_PopupPickerView.app */;
			productType = "com.apple.product-type.application";
		};
		AA70517B1D59D7D10000592E /* XHP_PopupPickerViewTests */ = {
			isa = PBXNativeTarget;
			buildConfigurationList = AA7051881D59D7D10000592E /* Build configuration list for PBXNativeTarget "XHP_PopupPickerViewTests" */;
			buildPhases = (
				AA7051781D59D7D10000592E /* Sources */,
				AA7051791D59D7D10000592E /* Frameworks */,
				AA70517A1D59D7D10000592E /* Resources */,
			);
			buildRules = (
			);
			dependencies = (
				AA70517E1D59D7D10000592E /* PBXTargetDependency */,
			);
			name = XHP_PopupPickerViewTests;
			productName = XHP_PopupPickerViewTests;
			productReference = AA70517C1D59D7D10000592E /* XHP_PopupPickerViewTests.xctest */;
			productType = "com.apple.product-type.bundle.unit-test";
		};
/* End PBXNativeTarget section */

/* Begin PBXProject section */
		AA70515B1D59D7D00000592E /* Project object */ = {
			isa = PBXProject;
			attributes = {
				LastUpgradeCheck = 0730;
				ORGANIZATIONNAME = HaoHeHealth;
				TargetAttributes = {
					AA7051621D59D7D00000592E = {
						CreatedOnToolsVersion = 7.3.1;
					};
					AA70517B1D59D7D10000592E = {
						CreatedOnToolsVersion = 7.3.1;
						TestTargetID = AA7051621D59D7D00000592E;
					};
				};
			};
			buildConfigurationList = AA70515E1D59D7D00000592E /* Build configuration list for PBXProject "XHP_PopupPickerView" */;
			compatibilityVersion = "Xcode 3.2";
			developmentRegion = English;
			hasScannedForEncodings = 0;
			knownRegions = (
				en,
				Base,
			);
			mainGroup = AA70515A1D59D7D00000592E;
			productRefGroup = AA7051641D59D7D00000592E /* Products */;
			projectDirPath = "";
			projectRoot = "";
			targets = (
				AA7051621D59D7D00000592E /* XHP_PopupPickerView */,
				AA70517B1D59D7D10000592E /* XHP_PopupPickerViewTests */,
			);
		};
/* End PBXProject section */

/* Begin PBXResourcesBuildPhase section */
		AA7051611D59D7D00000592E /* Resources */ = {
			isa = PBXResourcesBuildPhase;
			buildActionMask = 2147483647;
			files = (
				AA7051761D59D7D10000592E /* LaunchScreen.storyboard in Resources */,
				AAE892F61D5DBB4700E32C82 /* Image.xcassets in Resources */,
				AA7051731D59D7D10000592E /* Assets.xcassets in Resources */,
				AA7051711D59D7D10000592E /* Main.storyboard in Resources */,
			);
			runOnlyForDeploymentPostprocessing = 0;
		};
		AA70517A1D59D7D10000592E /* Resources */ = {
			isa = PBXResourcesBuildPhase;
			buildActionMask = 2147483647;
			files = (
			);
			runOnlyForDeploymentPostprocessing = 0;
		};
/* End PBXResourcesBuildPhase section */

/* Begin PBXSourcesBuildPhase section */
		AA70515F1D59D7D00000592E /* Sources */ = {
			isa = PBXSourcesBuildPhase;
			buildActionMask = 2147483647;
			files = (
				AAE892E41D5D7B5300E32C82 /* ViewController.m in Sources */,
				AA7051AA1D59DEC50000592E /* PopupPickerControl.m in Sources */,
				AA7051B31D59E0AF0000592E /* PopupPickerMenuHeader.m in Sources */,
				AAE892F01D5D7CE300E32C82 /* CustomMenuCell.m in Sources */,
				AAE892F31D5DAD1300E32C82 /* TestButton.m in Sources */,
				AAE892E71D5D7BAD00E32C82 /* CustomMenuModel.m in Sources */,
				AA7051B01D59E0860000592E /* PopupPickerMenuCell.m in Sources */,
				AA70516B1D59D7D10000592E /* AppDelegate.m in Sources */,
				AA7051681D59D7D00000592E /* main.m in Sources */,
			);
			runOnlyForDeploymentPostprocessing = 0;
		};
		AA7051781D59D7D10000592E /* Sources */ = {
			isa = PBXSourcesBuildPhase;
			buildActionMask = 2147483647;
			files = (
				AA7051811D59D7D10000592E /* XHP_PopupPickerViewTests.m in Sources */,
			);
			runOnlyForDeploymentPostprocessing = 0;
		};
/* End PBXSourcesBuildPhase section */

/* Begin PBXTargetDependency section */
		AA70517E1D59D7D10000592E /* PBXTargetDependency */ = {
			isa = PBXTargetDependency;
			target = AA7051621D59D7D00000592E /* XHP_PopupPickerView */;
			targetProxy = AA70517D1D59D7D10000592E /* PBXContainerItemProxy */;
		};
/* End PBXTargetDependency section */

/* Begin PBXVariantGroup section */
		AA70516F1D59D7D10000592E /* Main.storyboard */ = {
			isa = PBXVariantGroup;
			children = (
				AA7051701D59D7D10000592E /* Base */,
			);
			name = Main.storyboard;
			sourceTree = "<group>";
		};
		AA7051741D59D7D10000592E /* LaunchScreen.storyboard */ = {
			isa = PBXVariantGroup;
			children = (
				AA7051751D59D7D10000592E /* Base */,
			);
			name = LaunchScreen.storyboard;
			sourceTree = "<group>";
		};
/* End PBXVariantGroup section */

/* Begin XCBuildConfiguration section */
		AA7051831D59D7D10000592E /* Debug */ = {
			isa = XCBuildConfiguration;
			buildSettings = {
				ALWAYS_SEARCH_USER_PATHS = NO;
				CLANG_ANALYZER_NONNULL = YES;
				CLANG_CXX_LANGUAGE_STANDARD = "gnu++0x";
				CLANG_CXX_LIBRARY = "libc++";
				CLANG_ENABLE_MODULES = YES;
				CLANG_ENABLE_OBJC_ARC = YES;
				CLANG_WARN_BOOL_CONVERSION = YES;
				CLANG_WARN_CONSTANT_CONVERSION = YES;
				CLANG_WARN_DIRECT_OBJC_ISA_USAGE = YES_ERROR;
				CLANG_WARN_EMPTY_BODY = YES;
				CLANG_WARN_ENUM_CONVERSION = YES;
				CLANG_WARN_INT_CONVERSION = YES;
				CLANG_WARN_OBJC_ROOT_CLASS = YES_ERROR;
				CLANG_WARN_UNREACHABLE_CODE = YES;
				CLANG_WARN__DUPLICATE_METHOD_MATCH = YES;
				"CODE_SIGN_IDENTITY[sdk=iphoneos*]" = "iPhone Developer";
				COPY_PHASE_STRIP = NO;
				DEBUG_INFORMATION_FORMAT = dwarf;
				ENABLE_STRICT_OBJC_MSGSEND = YES;
				ENABLE_TESTABILITY = YES;
				GCC_C_LANGUAGE_STANDARD = gnu99;
				GCC_DYNAMIC_NO_PIC = NO;
				GCC_NO_COMMON_BLOCKS = YES;
				GCC_OPTIMIZATION_LEVEL = 0;
				GCC_PREPROCESSOR_DEFINITIONS = (
					"DEBUG=1",
					"$(inherited)",
				);
				GCC_WARN_64_TO_32_BIT_CONVERSION = YES;
				GCC_WARN_ABOUT_RETURN_TYPE = YES_ERROR;
				GCC_WARN_UNDECLARED_SELECTOR = YES;
				GCC_WARN_UNINITIALIZED_AUTOS = YES_AGGRESSIVE;
				GCC_WARN_UNUSED_FUNCTION = YES;
				GCC_WARN_UNUSED_VARIABLE = YES;
				IPHONEOS_DEPLOYMENT_TARGET = 9.3;
				MTL_ENABLE_DEBUG_INFO = YES;
				ONLY_ACTIVE_ARCH = YES;
				SDKROOT = iphoneos;
				TARGETED_DEVICE_FAMILY = "1,2";
			};
			name = Debug;
		};
		AA7051841D59D7D10000592E /* Release */ = {
			isa = XCBuildConfiguration;
			buildSettings = {
				ALWAYS_SEARCH_USER_PATHS = NO;
				CLANG_ANALYZER_NONNULL = YES;
				CLANG_CXX_LANGUAGE_STANDARD = "gnu++0x";
				CLANG_CXX_LIBRARY = "libc++";
				CLANG_ENABLE_MODULES = YES;
				CLANG_ENABLE_OBJC_ARC = YES;
				CLANG_WARN_BOOL_CONVERSION = YES;
				CLANG_WARN_CONSTANT_CONVERSION = YES;
				CLANG_WARN_DIRECT_OBJC_ISA_USAGE = YES_ERROR;
				CLANG_WARN_EMPTY_BODY = YES;
				CLANG_WARN_ENUM_CONVERSION = YES;
				CLANG_WARN_INT_CONVERSION = YES;
				CLANG_WARN_OBJC_ROOT_CLASS = YES_ERROR;
				CLANG_WARN_UNREACHABLE_CODE = YES;
				CLANG_WARN__DUPLICATE_METHOD_MATCH = YES;
				"CODE_SIGN_IDENTITY[sdk=iphoneos*]" = "iPhone Developer";
				COPY_PHASE_STRIP = NO;
				DEBUG_INFORMATION_FORMAT = "dwarf-with-dsym";
				ENABLE_NS_ASSERTIONS = NO;
				ENABLE_STRICT_OBJC_MSGSEND = YES;
				GCC_C_LANGUAGE_STANDARD = gnu99;
				GCC_NO_COMMON_BLOCKS = YES;
				GCC_WARN_64_TO_32_BIT_CONVERSION = YES;
				GCC_WARN_ABOUT_RETURN_TYPE = YES_ERROR;
				GCC_WARN_UNDECLARED_SELECTOR = YES;
				GCC_WARN_UNINITIALIZED_AUTOS = YES_AGGRESSIVE;
				GCC_WARN_UNUSED_FUNCTION = YES;
				GCC_WARN_UNUSED_VARIABLE = YES;
				IPHONEOS_DEPLOYMENT_TARGET = 9.3;
				MTL_ENABLE_DEBUG_INFO = NO;
				SDKROOT = iphoneos;
				TARGETED_DEVICE_FAMILY = "1,2";
				VALIDATE_PRODUCT = YES;
			};
			name = Release;
		};
		AA7051861D59D7D10000592E /* Debug */ = {
			isa = XCBuildConfiguration;
			buildSettings = {
				ASSETCATALOG_COMPILER_APPICON_NAME = AppIcon;
				INFOPLIST_FILE = XHP_PopupPickerView/Info.plist;
				LD_RUNPATH_SEARCH_PATHS = "$(inherited) @executable_path/Frameworks";
				PRODUCT_BUNDLE_IDENTIFIER = "com.haohehealth.XHP-PopupPickerView";
				PRODUCT_NAME = "$(TARGET_NAME)";
			};
			name = Debug;
		};
		AA7051871D59D7D10000592E /* Release */ = {
			isa = XCBuildConfiguration;
			buildSettings = {
				ASSETCATALOG_COMPILER_APPICON_NAME = AppIcon;
				INFOPLIST_FILE = XHP_PopupPickerView/Info.plist;
				LD_RUNPATH_SEARCH_PATHS = "$(inherited) @executable_path/Frameworks";
				PRODUCT_BUNDLE_IDENTIFIER = "com.haohehealth.XHP-PopupPickerView";
				PRODUCT_NAME = "$(TARGET_NAME)";
			};
			name = Release;
		};
		AA7051891D59D7D10000592E /* Debug */ = {
			isa = XCBuildConfiguration;
			buildSettings = {
				BUNDLE_LOADER = "$(TEST_HOST)";
				INFOPLIST_FILE = XHP_PopupPickerViewTests/Info.plist;
				LD_RUNPATH_SEARCH_PATHS = "$(inherited) @executable_path/Frameworks @loader_path/Frameworks";
				PRODUCT_BUNDLE_IDENTIFIER = "com.haohehealth.XHP-PopupPickerViewTests";
				PRODUCT_NAME = "$(TARGET_NAME)";
				TEST_HOST = "$(BUILT_PRODUCTS_DIR)/XHP_PopupPickerView.app/XHP_PopupPickerView";
			};
			name = Debug;
		};
		AA70518A1D59D7D10000592E /* Release */ = {
			isa = XCBuildConfiguration;
			buildSettings = {
				BUNDLE_LOADER = "$(TEST_HOST)";
				INFOPLIST_FILE = XHP_PopupPickerViewTests/Info.plist;
				LD_RUNPATH_SEARCH_PATHS = "$(inherited) @executable_path/Frameworks @loader_path/Frameworks";
				PRODUCT_BUNDLE_IDENTIFIER = "com.haohehealth.XHP-PopupPickerViewTests";
				PRODUCT_NAME = "$(TARGET_NAME)";
				TEST_HOST = "$(BUILT_PRODUCTS_DIR)/XHP_PopupPickerView.app/XHP_PopupPickerView";
			};
			name = Release;
		};
/* End XCBuildConfiguration section */

/* Begin XCConfigurationList section */
		AA70515E1D59D7D00000592E /* Build configuration list for PBXProject "XHP_PopupPickerView" */ = {
			isa = XCConfigurationList;
			buildConfigurations = (
				AA7051831D59D7D10000592E /* Debug */,
				AA7051841D59D7D10000592E /* Release */,
			);
			defaultConfigurationIsVisible = 0;
			defaultConfigurationName = Release;
		};
		AA7051851D59D7D10000592E /* Build configuration list for PBXNativeTarget "XHP_PopupPickerView" */ = {
			isa = XCConfigurationList;
			buildConfigurations = (
				AA7051861D59D7D10000592E /* Debug */,
				AA7051871D59D7D10000592E /* Release */,
			);
			defaultConfigurationIsVisible = 0;
			defaultConfigurationName = Release;
		};
		AA7051881D59D7D10000592E /* Build configuration list for PBXNativeTarget "XHP_PopupPickerViewTests" */ = {
			isa = XCConfigurationList;
			buildConfigurations = (
				AA7051891D59D7D10000592E /* Debug */,
				AA70518A1D59D7D10000592E /* Release */,
			);
			defaultConfigurationIsVisible = 0;
			defaultConfigurationName = Release;
		};
/* End XCConfigurationList section */
	};
	rootObject = AA70515B1D59D7D00000592E /* Project object */;
}
